{
  "name": "tetris",
  "version": "1.0.0",
  "lockfileVersion": 1,
  "requires": true,
  "dependencies": {
    "grid-games": {
      "version": "git+ssh://git@github.com/anthonygood/grid-games.git#9430f5afa578147dac45f5a547190f637c9d7221",
      "from": "git+ssh://git@github.com/anthonygood/grid-games.git"
    }
  }
}
